
Microsoft Visual Studio Solution File, Format Version 12.00
# Visual Studio Version 17
VisualStudioVersion = 17.6.33815.320
MinimumVisualStudioVersion = 10.0.40219.1
Project("{FAE04EC0-301F-11D3-BF4B-00C04F79EFBC}") = "Pro.Mys.BackgroundServices", "Pro.Mys.BackgroundServices\Pro.Mys.BackgroundServices.csproj", "{AC113D65-B62B-4D1F-97DD-58FC9759357A}"
EndProject
Project("{9A19103F-16F7-4668-BE54-9A1E7A4F7556}") = "Pro.Mys.Application", "Pro.Mys.Application\Pro.Mys.Application.csproj", "{799995C9-9715-4D46-B7B5-3470D64ACA67}"
EndProject
Project("{9A19103F-16F7-4668-BE54-9A1E7A4F7556}") = "Pro.Mys.DataAccess", "Pro.Mys.DataAccess\Pro.Mys.DataAccess.csproj", "{07F2F81B-3A4C-442E-B9DD-2CDAD076E55B}"
EndProject
Global
	GlobalSection(SolutionConfigurationPlatforms) = preSolution
		Debug|Any CPU = Debug|Any CPU
		Release|Any CPU = Release|Any CPU
	EndGlobalSection
	GlobalSection(ProjectConfigurationPlatforms) = postSolution
		{AC113D65-B62B-4D1F-97DD-58FC9759357A}.Debug|Any CPU.ActiveCfg = Debug|Any CPU
		{AC113D65-B62B-4D1F-97DD-58FC9759357A}.Debug|Any CPU.Build.0 = Debug|Any CPU
		{AC113D65-B62B-4D1F-97DD-58FC9759357A}.Release|Any CPU.ActiveCfg = Release|Any CPU
		{AC113D65-B62B-4D1F-97DD-58FC9759357A}.Release|Any CPU.Build.0 = Release|Any CPU
		{799995C9-9715-4D46-B7B5-3470D64ACA67}.Debug|Any CPU.ActiveCfg = Debug|Any CPU
		{799995C9-9715-4D46-B7B5-3470D64ACA67}.Debug|Any CPU.Build.0 = Debug|Any CPU
		{799995C9-9715-4D46-B7B5-3470D64ACA67}.Release|Any CPU.ActiveCfg = Release|Any CPU
		{799995C9-9715-4D46-B7B5-3470D64ACA67}.Release|Any CPU.Build.0 = Release|Any CPU
		{07F2F81B-3A4C-442E-B9DD-2CDAD076E55B}.Debug|Any CPU.ActiveCfg = Debug|Any CPU
		{07F2F81B-3A4C-442E-B9DD-2CDAD076E55B}.Debug|Any CPU.Build.0 = Debug|Any CPU
		{07F2F81B-3A4C-442E-B9DD-2CDAD076E55B}.Release|Any CPU.ActiveCfg = Release|Any CPU
		{07F2F81B-3A4C-442E-B9DD-2CDAD076E55B}.Release|Any CPU.Build.0 = Release|Any CPU
	EndGlobalSection
	GlobalSection(SolutionProperties) = preSolution
		HideSolutionNode = FALSE
	EndGlobalSection
	GlobalSection(ExtensibilityGlobals) = postSolution
		SolutionGuid = {0E798707-20FA-4E73-979B-E7AD8ED5A9EE}
	EndGlobalSection
EndGlobal
